
Microsoft Visual Studio Solution File, Format Version 12.00
# Visual Studio Version 16
VisualStudioVersion = 16.0.32413.511
MinimumVisualStudioVersion = 10.0.40219.1
Project("{9A19103F-16F7-4668-BE54-9A1E7A4F7556}") = "TourPlanner", "TourPlanner\TourPlanner.csproj", "{B84C4415-DE28-42E9-98B1-C11BCD5BF278}"
EndProject
Project("{9A19103F-16F7-4668-BE54-9A1E7A4F7556}") = "TourPlanner.Models", "TourPlanner.Models\TourPlanner.Models.csproj", "{80738F10-0185-495F-99F5-0B6AAFD2A717}"
EndProject
Project("{9A19103F-16F7-4668-BE54-9A1E7A4F7556}") = "TourPlanner.BusinessLayer", "TourPlanner.BusinessLayer\TourPlanner.BusinessLayer.csproj", "{893BEFB7-A8B1-47FA-A597-F31760053050}"
EndProject
Project("{9A19103F-16F7-4668-BE54-9A1E7A4F7556}") = "TourPlanner.DateAccessLayer", "TourPlanner.DateAccessLayer\TourPlanner.DateAccessLayer.csproj", "{5A9B5AE0-775F-410E-983F-B6C42521DCDF}"
EndProject
Project("{9A19103F-16F7-4668-BE54-9A1E7A4F7556}") = "TourPlanner.DataAccessLayer.PostgresSqlServer", "TourPlanner.DataAccessLayer.PostgresSqlServer\TourPlanner.DataAccessLayer.PostgresSqlServer.csproj", "{B4C1F0D9-E8C5-4189-B672-4567CE0B494D}"
EndProject
Project("{9A19103F-16F7-4668-BE54-9A1E7A4F7556}") = "TourPlanner.Test", "TourPlanner.Test\TourPlanner.Test.csproj", "{419F6AE2-1B79-47AF-B739-F700B904BB28}"
	ProjectSection(ProjectDependencies) = postProject
		{80738F10-0185-495F-99F5-0B6AAFD2A717} = {80738F10-0185-495F-99F5-0B6AAFD2A717}
		{B84C4415-DE28-42E9-98B1-C11BCD5BF278} = {B84C4415-DE28-42E9-98B1-C11BCD5BF278}
		{893BEFB7-A8B1-47FA-A597-F31760053050} = {893BEFB7-A8B1-47FA-A597-F31760053050}
		{B4C1F0D9-E8C5-4189-B672-4567CE0B494D} = {B4C1F0D9-E8C5-4189-B672-4567CE0B494D}
		{5A9B5AE0-775F-410E-983F-B6C42521DCDF} = {5A9B5AE0-775F-410E-983F-B6C42521DCDF}
	EndProjectSection
EndProject
Global
	GlobalSection(SolutionConfigurationPlatforms) = preSolution
		Debug|Any CPU = Debug|Any CPU
		Release|Any CPU = Release|Any CPU
	EndGlobalSection
	GlobalSection(ProjectConfigurationPlatforms) = postSolution
		{B84C4415-DE28-42E9-98B1-C11BCD5BF278}.Debug|Any CPU.ActiveCfg = Debug|Any CPU
		{B84C4415-DE28-42E9-98B1-C11BCD5BF278}.Debug|Any CPU.Build.0 = Debug|Any CPU
		{B84C4415-DE28-42E9-98B1-C11BCD5BF278}.Release|Any CPU.ActiveCfg = Release|Any CPU
		{B84C4415-DE28-42E9-98B1-C11BCD5BF278}.Release|Any CPU.Build.0 = Release|Any CPU
		{80738F10-0185-495F-99F5-0B6AAFD2A717}.Debug|Any CPU.ActiveCfg = Debug|Any CPU
		{80738F10-0185-495F-99F5-0B6AAFD2A717}.Debug|Any CPU.Build.0 = Debug|Any CPU
		{80738F10-0185-495F-99F5-0B6AAFD2A717}.Release|Any CPU.ActiveCfg = Release|Any CPU
		{80738F10-0185-495F-99F5-0B6AAFD2A717}.Release|Any CPU.Build.0 = Release|Any CPU
		{893BEFB7-A8B1-47FA-A597-F31760053050}.Debug|Any CPU.ActiveCfg = Debug|Any CPU
		{893BEFB7-A8B1-47FA-A597-F31760053050}.Debug|Any CPU.Build.0 = Debug|Any CPU
		{893BEFB7-A8B1-47FA-A597-F31760053050}.Release|Any CPU.ActiveCfg = Release|Any CPU
		{893BEFB7-A8B1-47FA-A597-F31760053050}.Release|Any CPU.Build.0 = Release|Any CPU
		{5A9B5AE0-775F-410E-983F-B6C42521DCDF}.Debug|Any CPU.ActiveCfg = Debug|Any CPU
		{5A9B5AE0-775F-410E-983F-B6C42521DCDF}.Debug|Any CPU.Build.0 = Debug|Any CPU
		{5A9B5AE0-775F-410E-983F-B6C42521DCDF}.Release|Any CPU.ActiveCfg = Release|Any CPU
		{5A9B5AE0-775F-410E-983F-B6C42521DCDF}.Release|Any CPU.Build.0 = Release|Any CPU
		{B4C1F0D9-E8C5-4189-B672-4567CE0B494D}.Debug|Any CPU.ActiveCfg = Debug|Any CPU
		{B4C1F0D9-E8C5-4189-B672-4567CE0B494D}.Debug|Any CPU.Build.0 = Debug|Any CPU
		{B4C1F0D9-E8C5-4189-B672-4567CE0B494D}.Release|Any CPU.ActiveCfg = Release|Any CPU
		{B4C1F0D9-E8C5-4189-B672-4567CE0B494D}.Release|Any CPU.Build.0 = Release|Any CPU
		{419F6AE2-1B79-47AF-B739-F700B904BB28}.Debug|Any CPU.ActiveCfg = Debug|Any CPU
		{419F6AE2-1B79-47AF-B739-F700B904BB28}.Debug|Any CPU.Build.0 = Debug|Any CPU
		{419F6AE2-1B79-47AF-B739-F700B904BB28}.Release|Any CPU.ActiveCfg = Release|Any CPU
		{419F6AE2-1B79-47AF-B739-F700B904BB28}.Release|Any CPU.Build.0 = Release|Any CPU
	EndGlobalSection
	GlobalSection(SolutionProperties) = preSolution
		HideSolutionNode = FALSE
	EndGlobalSection
	GlobalSection(ExtensibilityGlobals) = postSolution
		SolutionGuid = {01190AA3-274D-4E40-8BA8-468E75AE41F1}
	EndGlobalSection
EndGlobal
